
Microsoft Visual Studio Solution File, Format Version 12.00
# Visual Studio 2017
Project("{FAE04EC0-301F-11D3-BF4B-00C04F79EFBC}") = "MTPreviewProject", "MTPreviewProject.csproj", "{C08042D3-0A08-3C10-5B6A-7B607C28E3BD}"
EndProject
Global
	GlobalSection(SolutionConfigurationPlatforms) = preSolution
		Debug|Any CPU = Debug|Any CPU
		Release|Any CPU = Release|Any CPU
	EndGlobalSection
	GlobalSection(ProjectConfigurationPlatforms) = postSolution
		{C08042D3-0A08-3C10-5B6A-7B607C28E3BD}.Debug|Any CPU.ActiveCfg = Debug|Any CPU
		{C08042D3-0A08-3C10-5B6A-7B607C28E3BD}.Debug|Any CPU.Build.0 = Debug|Any CPU
		{C08042D3-0A08-3C10-5B6A-7B607C28E3BD}.Release|Any CPU.ActiveCfg = Release|Any CPU
		{C08042D3-0A08-3C10-5B6A-7B607C28E3BD}.Release|Any CPU.Build.0 = Release|Any CPU
	EndGlobalSection
	GlobalSection(SolutionProperties) = preSolution
		HideSolutionNode = FALSE
	EndGlobalSection
EndGlobal
